
Microsoft Visual Studio Solution File, Format Version 12.00
# Visual Studio 15
VisualStudioVersion = 15.0.26124.0
MinimumVisualStudioVersion = 15.0.26124.0
Project("{FAE04EC0-301F-11D3-BF4B-00C04F79EFBC}") = "MariCommands.Sentry", "MariCommands.Sentry\MariCommands.Sentry.csproj", "{A9D7B15E-CB55-4ECA-87CF-8B41F67ECB26}"
EndProject
Project("{FAE04EC0-301F-11D3-BF4B-00C04F79EFBC}") = "MariCommands.Sentry.Tests", "MariCommands.Sentry.Tests\MariCommands.Sentry.Tests.csproj", "{84F54D2B-4BF6-4DED-900C-1D44CB75A654}"
EndProject
Global
	GlobalSection(SolutionConfigurationPlatforms) = preSolution
		Debug|Any CPU = Debug|Any CPU
		Debug|x64 = Debug|x64
		Debug|x86 = Debug|x86
		Release|Any CPU = Release|Any CPU
		Release|x64 = Release|x64
		Release|x86 = Release|x86
	EndGlobalSection
	GlobalSection(SolutionProperties) = preSolution
		HideSolutionNode = FALSE
	EndGlobalSection
	GlobalSection(ProjectConfigurationPlatforms) = postSolution
		{A9D7B15E-CB55-4ECA-87CF-8B41F67ECB26}.Debug|Any CPU.ActiveCfg = Debug|Any CPU
		{A9D7B15E-CB55-4ECA-87CF-8B41F67ECB26}.Debug|Any CPU.Build.0 = Debug|Any CPU
		{A9D7B15E-CB55-4ECA-87CF-8B41F67ECB26}.Debug|x64.ActiveCfg = Debug|Any CPU
		{A9D7B15E-CB55-4ECA-87CF-8B41F67ECB26}.Debug|x64.Build.0 = Debug|Any CPU
		{A9D7B15E-CB55-4ECA-87CF-8B41F67ECB26}.Debug|x86.ActiveCfg = Debug|Any CPU
		{A9D7B15E-CB55-4ECA-87CF-8B41F67ECB26}.Debug|x86.Build.0 = Debug|Any CPU
		{A9D7B15E-CB55-4ECA-87CF-8B41F67ECB26}.Release|Any CPU.ActiveCfg = Release|Any CPU
		{A9D7B15E-CB55-4ECA-87CF-8B41F67ECB26}.Release|Any CPU.Build.0 = Release|Any CPU
		{A9D7B15E-CB55-4ECA-87CF-8B41F67ECB26}.Release|x64.ActiveCfg = Release|Any CPU
		{A9D7B15E-CB55-4ECA-87CF-8B41F67ECB26}.Release|x64.Build.0 = Release|Any CPU
		{A9D7B15E-CB55-4ECA-87CF-8B41F67ECB26}.Release|x86.ActiveCfg = Release|Any CPU
		{A9D7B15E-CB55-4ECA-87CF-8B41F67ECB26}.Release|x86.Build.0 = Release|Any CPU
		{84F54D2B-4BF6-4DED-900C-1D44CB75A654}.Debug|Any CPU.ActiveCfg = Debug|Any CPU
		{84F54D2B-4BF6-4DED-900C-1D44CB75A654}.Debug|Any CPU.Build.0 = Debug|Any CPU
		{84F54D2B-4BF6-4DED-900C-1D44CB75A654}.Debug|x64.ActiveCfg = Debug|Any CPU
		{84F54D2B-4BF6-4DED-900C-1D44CB75A654}.Debug|x64.Build.0 = Debug|Any CPU
		{84F54D2B-4BF6-4DED-900C-1D44CB75A654}.Debug|x86.ActiveCfg = Debug|Any CPU
		{84F54D2B-4BF6-4DED-900C-1D44CB75A654}.Debug|x86.Build.0 = Debug|Any CPU
		{84F54D2B-4BF6-4DED-900C-1D44CB75A654}.Release|Any CPU.ActiveCfg = Release|Any CPU
		{84F54D2B-4BF6-4DED-900C-1D44CB75A654}.Release|Any CPU.Build.0 = Release|Any CPU
		{84F54D2B-4BF6-4DED-900C-1D44CB75A654}.Release|x64.ActiveCfg = Release|Any CPU
		{84F54D2B-4BF6-4DED-900C-1D44CB75A654}.Release|x64.Build.0 = Release|Any CPU
		{84F54D2B-4BF6-4DED-900C-1D44CB75A654}.Release|x86.ActiveCfg = Release|Any CPU
		{84F54D2B-4BF6-4DED-900C-1D44CB75A654}.Release|x86.Build.0 = Release|Any CPU
	EndGlobalSection
EndGlobal
